
Microsoft Visual Studio Solution File, Format Version 12.00
# Visual Studio Version 17
VisualStudioVersion = 17.4.33122.133
MinimumVisualStudioVersion = 10.0.40219.1
Project("{FAE04EC0-301F-11D3-BF4B-00C04F79EFBC}") = "TodoAppSql", "TodoAppSql\TodoAppSql.csproj", "{08374CBB-6187-424F-B32C-2DBC634D9BB4}"
EndProject
Global
	GlobalSection(SolutionConfigurationPlatforms) = preSolution
		Debug|Any CPU = Debug|Any CPU
		Release|Any CPU = Release|Any CPU
	EndGlobalSection
	GlobalSection(ProjectConfigurationPlatforms) = postSolution
		{08374CBB-6187-424F-B32C-2DBC634D9BB4}.Debug|Any CPU.ActiveCfg = Debug|Any CPU
		{08374CBB-6187-424F-B32C-2DBC634D9BB4}.Debug|Any CPU.Build.0 = Debug|Any CPU
		{08374CBB-6187-424F-B32C-2DBC634D9BB4}.Release|Any CPU.ActiveCfg = Release|Any CPU
		{08374CBB-6187-424F-B32C-2DBC634D9BB4}.Release|Any CPU.Build.0 = Release|Any CPU
	EndGlobalSection
	GlobalSection(SolutionProperties) = preSolution
		HideSolutionNode = FALSE
	EndGlobalSection
	GlobalSection(ExtensibilityGlobals) = postSolution
		SolutionGuid = {E97D3B42-9F0D-4B26-89A6-47F77C46B430}
	EndGlobalSection
EndGlobal
